
Microsoft Visual Studio Solution File, Format Version 12.00
Project("{FAE04EC0-301F-11D3-BF4B-00C04F79EFBC}") = "AI_Assignment", "AI_Assignment\AI_Assignment.csproj", "{FB6ADA6D-5882-4A61-80EB-83A057671B99}"
EndProject
Project("{FAE04EC0-301F-11D3-BF4B-00C04F79EFBC}") = "AI_Core", "AI_Core\AI_Core.csproj", "{3E302D5D-4462-4D61-B049-1B74592ECB03}"
EndProject
Global
	GlobalSection(SolutionConfigurationPlatforms) = preSolution
		Debug|Any CPU = Debug|Any CPU
		Release|Any CPU = Release|Any CPU
	EndGlobalSection
	GlobalSection(ProjectConfigurationPlatforms) = postSolution
		{FB6ADA6D-5882-4A61-80EB-83A057671B99}.Debug|Any CPU.ActiveCfg = Debug|Any CPU
		{FB6ADA6D-5882-4A61-80EB-83A057671B99}.Debug|Any CPU.Build.0 = Debug|Any CPU
		{FB6ADA6D-5882-4A61-80EB-83A057671B99}.Release|Any CPU.ActiveCfg = Release|Any CPU
		{FB6ADA6D-5882-4A61-80EB-83A057671B99}.Release|Any CPU.Build.0 = Release|Any CPU
		{3E302D5D-4462-4D61-B049-1B74592ECB03}.Debug|Any CPU.ActiveCfg = Debug|Any CPU
		{3E302D5D-4462-4D61-B049-1B74592ECB03}.Debug|Any CPU.Build.0 = Debug|Any CPU
		{3E302D5D-4462-4D61-B049-1B74592ECB03}.Release|Any CPU.ActiveCfg = Release|Any CPU
		{3E302D5D-4462-4D61-B049-1B74592ECB03}.Release|Any CPU.Build.0 = Release|Any CPU
	EndGlobalSection
EndGlobal
